{
    "_meta": {
        "hash": {
            "sha256": "4b4dd649cbcea5f17556436ec18a118dc37c86ce895558939e16d65a73714015"
        },
        "pipfile-spec": 6,
        "requires": {
            "python_version": "3.13"
        },
        "sources": [
            {
                "name": "pypi",
                "url": "https://pypi.org/simple",
                "verify_ssl": true
            }
        ]
    },
    "default": {
        "anyio": {
            "hashes": [
                "sha256:673c0c244e15788651a4ff38710fea9675823028a6f08a5eda409e0c9840a028",
                "sha256:9f76d541cad6e36af7beb62e978876f3b41e3e04f2c1fbf0884604c0a9c4d93c"
            ],
            "markers": "python_version >= '3.9'",
            "version": "==4.9.0"
        },
        "certifi": {
            "hashes": [
                "sha256:0a816057ea3cdefcef70270d2c515e4506bbc954f417fa5ade2021213bb8f0c6",
                "sha256:30350364dfe371162649852c63336a15c70c6510c2ad5015b21c2345311805f3"
            ],
            "markers": "python_version >= '3.6'",
            "version": "==2025.4.26"
        },
        "construct": {
            "hashes": [
                "sha256:7b2a3fd8e5f597a5aa1d614c3bd516fa065db01704c72a1efaaeec6ef23d8b45"
            ],
            "markers": "python_version >= '3.6'",
            "version": "==2.10.68"
        },
        "construct-typing": {
            "hashes": [
                "sha256:0dc501351cd6b308f15ec54e5fe7c0fbc07cc1530a1b77b4303062a0a93c1297",
                "sha256:39c948329e880564e33521cba497b21b07967c465b9c9037d6334e2cffa1ced9"
            ],
            "markers": "python_version >= '3.7'",
            "version": "==0.5.6"
        },
        "h11": {
            "hashes": [
                "sha256:4e35b956cf45792e4caa5885e69fba00bdbc6ffafbfa020300e549b208ee5ff1",
                "sha256:63cf8bbe7522de3bf65932fda1d9c2772064ffb3dae62d55932da54b31cb6c86"
            ],
            "markers": "python_version >= '3.8'",
            "version": "==0.16.0"
        },
        "httpcore": {
            "hashes": [
                "sha256:2d400746a40668fc9dec9810239072b40b4484b640a8c38fd654a024c7a1bf55",
                "sha256:6e34463af53fd2ab5d807f399a9b45ea31c3dfa2276f15a2c3f00afff6e176e8"
            ],
            "markers": "python_version >= '3.8'",
            "version": "==1.0.9"
        },
        "httpx": {
            "hashes": [
                "sha256:75e98c5f16b0f35b567856f597f06ff2270a374470a5c2392242528e3e3e42fc",
                "sha256:d909fcccc110f8c7faf814ca82a9a4d816bc5a6dbfea25d6591d6985b8ba59ad"
            ],
            "markers": "python_version >= '3.8'",
            "version": "==0.28.1"
        },
        "idna": {
            "hashes": [
                "sha256:12f65c9b470abda6dc35cf8e63cc574b1c52b11df2c86030af0ac09b01b13ea9",
                "sha256:946d195a0d259cbba61165e88e65941f16e9b36ea6ddb97f00452bae8b1287d3"
            ],
            "markers": "python_version >= '3.6'",
            "version": "==3.10"
        },
        "jsonalias": {
            "hashes": [
                "sha256:64f04d935397d579fc94509e1fcb6212f2d081235d9d6395bd10baedf760a769",
                "sha256:a56d2888e6397812c606156504e861e8ec00e188005af149f003c787db3d3f18"
            ],
            "markers": "python_version >= '3.7' and python_version < '4.0'",
            "version": "==0.1.1"
        },
        "python-dotenv": {
            "hashes": [
                "sha256:41f90bc6f5f177fb41f53e87666db362025010eb28f60a01c9143bfa33a2b2d5",
                "sha256:d7c01d9e2293916c18baf562d95698754b0dbbb5e74d457c45d4f6561fb9d55d"
            ],
            "index": "pypi",
            "markers": "python_version >= '3.9'",
            "version": "==1.1.0"
        },
        "sniffio": {
            "hashes": [
                "sha256:2f6da418d1f1e0fddd844478f41680e794e6051915791a034ff65e5f100525a2",
                "sha256:f4324edc670a0f49750a81b895f35c3adb843cca46f0530f79fc1babb23789dc"
            ],
            "markers": "python_version >= '3.7'",
            "version": "==1.3.1"
        },
        "solana": {
            "hashes": [
                "sha256:aa2403bc36bb06ea5bf56f6856373a50ae8b1c3a45261d5a4c911350f7427c00",
                "sha256:c0526b602d834cb762102f854be469be6657731db0d016a985bbabd6212dd09d"
            ],
            "index": "pypi",
            "markers": "python_version >= '3.9' and python_version < '4.0'",
            "version": "==0.36.6"
        },
        "solders": {
            "hashes": [
                "sha256:057533892d6fa432c1ce1e2f5e3428802964666c10b57d3d1bcaab86295f046c",
                "sha256:1b964efbd7c0b38aef3bf4293ea5938517ae649b9a23e7cd147d889931775aab",
                "sha256:36e6a769c5298b887b7588edb171d93709a89302aef75913fe893d11c653739d",
                "sha256:3e3973074c17265921c70246a17bcf80972c5b96a3e1ed7f5049101f11865092",
                "sha256:5466616610170aab08c627ae01724e425bcf90085bc574da682e9f3bd954900b",
                "sha256:5946ec3f2a340afa9ce5c2b8ab628ae1dea2ad2235551b1297cafdd7e3e5c51a",
                "sha256:59b52419452602f697e659199a25acacda8365971c376ef3c0687aecdd929e07",
                "sha256:9c1a0ef5daa1a05934af5fb6e7e32eab7c42cede406c80067fee006f461ffc4a",
                "sha256:b3cc55b971ec6ed1b4466fa7e7e09eee9baba492b8cd9e3204e3e1a0c5a0c4aa"
            ],
            "index": "pypi",
            "markers": "python_version >= '3.7'",
            "version": "==0.26.0"
        },
        "typing-extensions": {
            "hashes": [
                "sha256:a439e7c04b49fec3e5d3e2beaa21755cadbbdc391694e28ccdd36ca4a1408f8c",
                "sha256:e6c81219bd689f51865d9e372991c540bda33a0379d5573cddb9a3a23f7caaef"
            ],
            "markers": "python_version >= '3.8'",
            "version": "==4.13.2"
        },
        "websockets": {
            "hashes": [
                "sha256:0e389efe46ccb25a1f93d08c7a74e8123a2517f7b7458f043bd7529d1a63ffeb",
                "sha256:0f2205cdb444a42a7919690238fb5979a05439b9dbb73dd47c863d39640d85ab",
                "sha256:10552fed076757a70ba2c18edcbc601c7637b30cdfe8c24b65171e824c7d6081",
                "sha256:110a847085246ab8d4d119632145224d6b49e406c64f1bbeed45c6f05097b680",
                "sha256:1206432cc6c644f6fc03374b264c5ff805d980311563202ed7fef91a38906276",
                "sha256:1657a9eecb29d7838e3b415458cc494e6d1b194f7ac73a34aa55c6fb6c72d1f3",
                "sha256:17f2854c6bd9ee008c4b270f7010fe2da6c16eac5724a175e75010aacd905b31",
                "sha256:190bc6ef8690cd88232a038d1b15714c258f79653abad62f7048249b09438af3",
                "sha256:1caf951110ca757b8ad9c4974f5cac7b8413004d2f29707e4d03a65d54cedf2b",
                "sha256:24d5333a9b2343330f0f4eb88546e2c32a7f5c280f8dd7d3cc079beb0901781b",
                "sha256:26ba70fed190708551c19a360f9d7eca8e8c0f615d19a574292b7229e0ae324c",
                "sha256:2bd8ef197c87afe0a9009f7a28b5dc613bfc585d329f80b7af404e766aa9e8c7",
                "sha256:2ea4f210422b912ebe58ef0ad33088bc8e5c5ff9655a8822500690abc3b1232d",
                "sha256:30cff3ef329682b6182c01c568f551481774c476722020b8f7d0daacbed07a17",
                "sha256:327adab7671f3726b0ba69be9e865bba23b37a605b585e65895c428f6e47e766",
                "sha256:32e02a2d83f4954aa8c17e03fe8ec6962432c39aca4be7e8ee346b05a3476904",
                "sha256:37d66646f929ae7c22c79bc73ec4074d6db45e6384500ee3e0d476daf55482a9",
                "sha256:3a302241fbe825a3e4fe07666a2ab513edfdc6d43ce24b79691b45115273b5e7",
                "sha256:3abd670ca7ce230d5a624fd3d55e055215d8d9b723adee0a348352f5d8d12ff4",
                "sha256:4095a1f2093002c2208becf6f9a178b336b7572512ee0a1179731acb7788e8ad",
                "sha256:45535fead66e873f411c1d3cf0d3e175e66f4dd83c4f59d707d5b3e4c56541c4",
                "sha256:45d464622314973d78f364689d5dbb9144e559f93dca11b11af3f2480b5034e1",
                "sha256:4f7290295794b5dec470867c7baa4a14182b9732603fd0caf2a5bf1dc3ccabf3",
                "sha256:4ff380aabd7a74a42a760ee76c68826a8f417ceb6ea415bd574a035a111fd133",
                "sha256:51ffd53c53c4442415b613497a34ba0aa7b99ac07f1e4a62db5dcd640ae6c3c3",
                "sha256:5294fcb410ed0a45d5d1cdedc4e51a60aab5b2b3193999028ea94afc2f554b05",
                "sha256:56e3efe356416bc67a8e093607315951d76910f03d2b3ad49c4ade9207bf710d",
                "sha256:5d3cc75ef3e17490042c47e0523aee1bcc4eacd2482796107fd59dd1100a44bc",
                "sha256:5e6ee18a53dd5743e6155b8ff7e8e477c25b29b440f87f65be8165275c87fef0",
                "sha256:67a04754d121ea5ca39ddedc3f77071651fb5b0bc6b973c71c515415b44ed9c5",
                "sha256:7394c0b7d460569c9285fa089a429f58465db930012566c03046f9e3ab0ed181",
                "sha256:789c43bf4a10cd067c24c321238e800b8b2716c863ddb2294d2fed886fa5a689",
                "sha256:7ac67b542505186b3bbdaffbc303292e1ee9c8729e5d5df243c1f20f4bb9057e",
                "sha256:8561c48b0090993e3b2a54db480cab1d23eb2c5735067213bb90f402806339f5",
                "sha256:86bfb52a9cfbcc09aba2b71388b0a20ea5c52b6517c0b2e316222435a8cdab72",
                "sha256:8711682a629bbcaf492f5e0af72d378e976ea1d127a2d47584fa1c2c080b436b",
                "sha256:89da58e4005e153b03fe8b8794330e3f6a9774ee9e1c3bd5bc52eb098c3b0c4f",
                "sha256:89f72524033abbfde880ad338fd3c2c16e31ae232323ebdfbc745cbb1b3dcc03",
                "sha256:8bf1ab71f9f23b0a1d52ec1682a3907e0c208c12fef9c3e99d2b80166b17905f",
                "sha256:8d7bbbe2cd6ed80aceef2a14e9f1c1b61683194c216472ed5ff33b700e784e37",
                "sha256:94c4a9b01eede952442c088d415861b0cf2053cbd696b863f6d5022d4e4e2453",
                "sha256:98dcf978d4c6048965d1762abd534c9d53bae981a035bfe486690ba11f49bbbb",
                "sha256:a4cc73a6ae0a6751b76e69cece9d0311f054da9b22df6a12f2c53111735657c8",
                "sha256:a9f8e33747b1332db11cf7fcf4a9512bef9748cb5eb4d3f7fbc8c30d75dc6ffc",
                "sha256:ace960769d60037ca9625b4c578a6f28a14301bd2a1ff13bb00e824ac9f73e55",
                "sha256:ae721bcc8e69846af00b7a77a220614d9b2ec57d25017a6bbde3a99473e41ce8",
                "sha256:aea01f40995fa0945c020228ab919b8dfc93fc8a9f2d3d705ab5b793f32d9e99",
                "sha256:b499caef4bca9cbd0bd23cd3386f5113ee7378094a3cb613a2fa543260fe9506",
                "sha256:b89504227a5311610e4be16071465885a0a3d6b0e82e305ef46d9b064ce5fb72",
                "sha256:bd66b4865c8b853b8cca7379afb692fc7f52cf898786537dfb5e5e2d64f0a47f",
                "sha256:bfcd3acc1a81f106abac6afd42327d2cf1e77ec905ae11dc1d9142a006a496b6",
                "sha256:c24ba103ecf45861e2e1f933d40b2d93f5d52d8228870c3e7bf1299cd1cb8ff1",
                "sha256:c348abc5924caa02a62896300e32ea80a81521f91d6db2e853e6b1994017c9f6",
                "sha256:c53f97032b87a406044a1c33d1e9290cc38b117a8062e8a8b285175d7e2f99c9",
                "sha256:c7cd4b1015d2f60dfe539ee6c95bc968d5d5fad92ab01bb5501a77393da4f596",
                "sha256:c86dc2068f1c5ca2065aca34f257bbf4f78caf566eb230f692ad347da191f0a1",
                "sha256:c8c5c8e1bac05ef3c23722e591ef4f688f528235e2480f157a9cfe0a19081375",
                "sha256:ca36151289a15b39d8d683fd8b7abbe26fc50be311066c5f8dcf3cb8cee107ab",
                "sha256:cc8821a03bcfb36e4e4705316f6b66af28450357af8a575dc8f4b09bf02a3dee",
                "sha256:cccc18077acd34c8072578394ec79563664b1c205f7a86a62e94fafc7b59001f",
                "sha256:d2244d8ab24374bed366f9ff206e2619345f9cd7fe79aad5225f53faac28b6b1",
                "sha256:d4c22992e24f12de340ca5f824121a5b3e1a37ad4360b4e1aaf15e9d1c42582d",
                "sha256:dd24c4d256558429aeeb8d6c24ebad4e982ac52c50bc3670ae8646c181263965",
                "sha256:e413352a921f5ad5d66f9e2869b977e88d5103fc528b6deb8423028a2befd842",
                "sha256:ee06405ea2e67366a661ed313e14cf2a86e84142a3462852eb96348f7219cee3",
                "sha256:f83eca8cbfd168e424dfa3b3b5c955d6c281e8fc09feb9d870886ff8d03683c7",
                "sha256:fb915101dfbf318486364ce85662bb7b020840f68138014972c08331458d41f3",
                "sha256:ffc02b159b65c05f2ed9ec176b715b66918a674bd4daed48a9a7a590dd4be1aa",
                "sha256:ffc5ae23ada6515f31604f700009e2df90b091b67d463a8401c1d8a37f76c1d7"
            ],
            "markers": "python_version >= '3.9'",
            "version": "==15.0"
        }
    },
    "develop": {}
}
